{
  "version": 4,
  "terraform_version": "0.13.5",
  "serial": 172,
  "lineage": "8a158812-75d1-2cdb-f559-f0689aadac0f",
  "outputs": {
    "config_map_aws_auth": {
      "value": "apiVersion: v1\nkind: ConfigMap\nmetadata:\n  name: aws-auth\n  namespace: kube-system\ndata:\n  mapRoles: |\n    - rolearn: arn:aws:iam::214387224583:role/eks_demo_node_group_iam\n      username: system:node:{{EC2PrivateDNSName}}\n      groups:\n        - system:bootstrappers\n        - system:nodes\n",
      "type": "string"
    },
    "kubeconfig": {
      "value": "apiVersion: v1\nclusters:\n- cluster:\n    server: https://85F7FEB7D2E8DFF3277A04C8311C7E99.sk1.ap-south-1.eks.amazonaws.com\n    certificate-authority-data: LS0tLS1CRUdJTiBDRVJUSUZJQ0FURS0tLS0tCk1JSUN5RENDQWJDZ0F3SUJBZ0lCQURBTkJna3Foa2lHOXcwQkFRc0ZBREFWTVJNd0VRWURWUVFERXdwcmRXSmwKY201bGRHVnpNQjRYRFRJd01URXdPREUyTXpnMU5sb1hEVE13TVRFd05qRTJNemcxTmxvd0ZURVRNQkVHQTFVRQpBeE1LYTNWaVpYSnVaWFJsY3pDQ0FTSXdEUVlKS29aSWh2Y05BUUVCQlFBRGdnRVBBRENDQVFvQ2dnRUJBTG9sCm1ULzVFWVR0TGhreExMV2FZbnkxQzZVMlA2UTdrbXZYaVQxcE4rYTMyNkh2bDFCWk8zQ3FsTGlYeDBXajY0b3IKNzl1V2syUzFwakQxT1JhRUo4c0c1V2tzNHVrNUxjanJDZ0s1VmFNZ2o0UWhmTGhZTnRDdE5ZbkJJbmFuUnlycAorNW9EMEZZdzJyM25NeXBNOE1RZ1dkQ1lXVElKc2ZTUXJXbFNWNjlhSXZiMU9sSng0eUF2UWo2dXV1NFA4MjYwCk9FaTFYU3Zwb01mNUFJYjQwYmx5UnRTM3FBUzh6dmZ6MWpDWEtRV0VEN1FBQlE3MU9aOTc3MEw3N05IL0pjTzQKemFjVUlTazljS3h6T1ZDNGhlRjhqOExGUjd2a0hDOHVCSVA2RlN2UEdHZkVUejFKa0xoZjFGbUYvSlRVVzE0dwp5MXlrbkVnTXMrd20wK042NUFrQ0F3RUFBYU1qTUNFd0RnWURWUjBQQVFIL0JBUURBZ0trTUE4R0ExVWRFd0VCCi93UUZNQU1CQWY4d0RRWUpLb1pJaHZjTkFRRUxCUUFEZ2dFQkFFRVo5alkwNnRENndUZytDNWdFMjB0YkFPbUgKMmRzaVlPSEpUY1hCVlpMcGtDc0k4M0lKVzBkbnl5ZTRRSXgxU3dmd0dzL2JBTTdLZmcyS096SFVIbDdKWnRxRwpxUjRQalBQV0x1UzVURi9jeFJEVmhGciswNEMzbjFpVVFkMks3Y0wzenBwMDBWMXJOSU9sS1c2QlFjQ3JWdlNzClRwdUNFR2ZVQWxoaWNWZzhVd3hNWTJTQ1Q2QnA2NnRDaXovNFV4bHgwRFJRdGlSeUhhTFNDNHlWL2VHOG5Ea3MKR29hUU9yYVlKU1Jjd2lqZmZJdVIwMDZ1Z3RHZm5zZmN4UFo4VHdxQ3ZYejhlRzR4N0NBVUtxYXRoNmlObGQzRApvTGZiakdDSEUreG56cGhEanh2U05NeXc3ZWVXcWMvaCt6bUorKzRkOHVHSkIrQUZ3OEY0ZFpKYTZzRT0KLS0tLS1FTkQgQ0VSVElGSUNBVEUtLS0tLQo=\n  name: kubernetes\ncontexts:\n- context:\n    cluster: kubernetes\n    user: aws\n  name: aws\ncurrent-context: aws\nkind: Config\npreferences: {}\nusers:\n- name: aws\n  user:\n    exec:\n      apiVersion: client.authentication.k8s.io/v1alpha1\n      command: aws-iam-authenticator\n      args:\n        - \"token\"\n        - \"-i\"\n        - \"eks-demo\"\n",
      "type": "string"
    }
  },
  "resources": [
    {
      "mode": "data",
      "type": "aws_availability_zones",
      "name": "available",
      "provider": "provider[\"registry.terraform.io/hashicorp/aws\"]",
      "instances": [
        {
          "schema_version": 0,
          "attributes": {
            "all_availability_zones": null,
            "exclude_names": null,
            "exclude_zone_ids": null,
            "filter": null,
            "group_names": [
              "ap-south-1"
            ],
            "id": "ap-south-1",
            "names": [
              "ap-south-1a",
              "ap-south-1b",
              "ap-south-1c"
            ],
            "state": null,
            "zone_ids": [
              "aps1-az1",
              "aps1-az3",
              "aps1-az2"
            ]
          }
        }
      ]
    },
    {
      "mode": "data",
      "type": "aws_region",
      "name": "current",
      "provider": "provider[\"registry.terraform.io/hashicorp/aws\"]",
      "instances": [
        {
          "schema_version": 0,
          "attributes": {
            "description": "Asia Pacific (Mumbai)",
            "endpoint": "ec2.ap-south-1.amazonaws.com",
            "id": "ap-south-1",
            "name": "ap-south-1"
          }
        }
      ]
    },
    {
      "mode": "managed",
      "type": "aws_cloudwatch_log_group",
      "name": "eks_demo_log_group",
      "provider": "provider[\"registry.terraform.io/hashicorp/aws\"]",
      "instances": [
        {
          "schema_version": 0,
          "attributes": {
            "arn": "arn:aws:logs:ap-south-1:214387224583:log-group:/aws/eks/eks-demo/eksCluster",
            "id": "/aws/eks/eks-demo/eksCluster",
            "kms_key_id": "",
            "name": "/aws/eks/eks-demo/eksCluster",
            "name_prefix": null,
            "retention_in_days": 7,
            "tags": null
          },
          "private": "bnVsbA=="
        }
      ]
    },
    {
      "mode": "managed",
      "type": "aws_eks_cluster",
      "name": "eks_demo",
      "provider": "provider[\"registry.terraform.io/hashicorp/aws\"]",
      "instances": [
        {
          "schema_version": 0,
          "attributes": {
            "arn": "arn:aws:eks:ap-south-1:214387224583:cluster/eks-demo",
            "certificate_authority": [
              {
                "data": "LS0tLS1CRUdJTiBDRVJUSUZJQ0FURS0tLS0tCk1JSUN5RENDQWJDZ0F3SUJBZ0lCQURBTkJna3Foa2lHOXcwQkFRc0ZBREFWTVJNd0VRWURWUVFERXdwcmRXSmwKY201bGRHVnpNQjRYRFRJd01URXdPREUyTXpnMU5sb1hEVE13TVRFd05qRTJNemcxTmxvd0ZURVRNQkVHQTFVRQpBeE1LYTNWaVpYSnVaWFJsY3pDQ0FTSXdEUVlKS29aSWh2Y05BUUVCQlFBRGdnRVBBRENDQVFvQ2dnRUJBTG9sCm1ULzVFWVR0TGhreExMV2FZbnkxQzZVMlA2UTdrbXZYaVQxcE4rYTMyNkh2bDFCWk8zQ3FsTGlYeDBXajY0b3IKNzl1V2syUzFwakQxT1JhRUo4c0c1V2tzNHVrNUxjanJDZ0s1VmFNZ2o0UWhmTGhZTnRDdE5ZbkJJbmFuUnlycAorNW9EMEZZdzJyM25NeXBNOE1RZ1dkQ1lXVElKc2ZTUXJXbFNWNjlhSXZiMU9sSng0eUF2UWo2dXV1NFA4MjYwCk9FaTFYU3Zwb01mNUFJYjQwYmx5UnRTM3FBUzh6dmZ6MWpDWEtRV0VEN1FBQlE3MU9aOTc3MEw3N05IL0pjTzQKemFjVUlTazljS3h6T1ZDNGhlRjhqOExGUjd2a0hDOHVCSVA2RlN2UEdHZkVUejFKa0xoZjFGbUYvSlRVVzE0dwp5MXlrbkVnTXMrd20wK042NUFrQ0F3RUFBYU1qTUNFd0RnWURWUjBQQVFIL0JBUURBZ0trTUE4R0ExVWRFd0VCCi93UUZNQU1CQWY4d0RRWUpLb1pJaHZjTkFRRUxCUUFEZ2dFQkFFRVo5alkwNnRENndUZytDNWdFMjB0YkFPbUgKMmRzaVlPSEpUY1hCVlpMcGtDc0k4M0lKVzBkbnl5ZTRRSXgxU3dmd0dzL2JBTTdLZmcyS096SFVIbDdKWnRxRwpxUjRQalBQV0x1UzVURi9jeFJEVmhGciswNEMzbjFpVVFkMks3Y0wzenBwMDBWMXJOSU9sS1c2QlFjQ3JWdlNzClRwdUNFR2ZVQWxoaWNWZzhVd3hNWTJTQ1Q2QnA2NnRDaXovNFV4bHgwRFJRdGlSeUhhTFNDNHlWL2VHOG5Ea3MKR29hUU9yYVlKU1Jjd2lqZmZJdVIwMDZ1Z3RHZm5zZmN4UFo4VHdxQ3ZYejhlRzR4N0NBVUtxYXRoNmlObGQzRApvTGZiakdDSEUreG56cGhEanh2U05NeXc3ZWVXcWMvaCt6bUorKzRkOHVHSkIrQUZ3OEY0ZFpKYTZzRT0KLS0tLS1FTkQgQ0VSVElGSUNBVEUtLS0tLQo="
              }
            ],
            "created_at": "2020-11-08 16:30:39.732 +0000 UTC",
            "enabled_cluster_log_types": [
              "api",
              "audit"
            ],
            "encryption_config": [],
            "endpoint": "https://85F7FEB7D2E8DFF3277A04C8311C7E99.sk1.ap-south-1.eks.amazonaws.com",
            "id": "eks-demo",
            "identity": [
              {
                "oidc": [
                  {
                    "issuer": "https://oidc.eks.ap-south-1.amazonaws.com/id/85F7FEB7D2E8DFF3277A04C8311C7E99"
                  }
                ]
              }
            ],
            "name": "eks-demo",
            "platform_version": "eks.4",
            "role_arn": "arn:aws:iam::214387224583:role/eks-demo-cluster",
            "status": "ACTIVE",
            "tags": null,
            "timeouts": null,
            "version": "1.17",
            "vpc_config": [
              {
                "cluster_security_group_id": "sg-003b32753b8e34be7",
                "endpoint_private_access": false,
                "endpoint_public_access": true,
                "public_access_cidrs": [
                  "0.0.0.0/0"
                ],
                "security_group_ids": [
                  "sg-00b954ff51c90f4c3"
                ],
                "subnet_ids": [
                  "subnet-05062af7b009eceb0",
                  "subnet-0bf775138a5fec485"
                ],
                "vpc_id": "vpc-03f4fe3b3d810ed54"
              }
            ]
          },
          "private": "eyJlMmJmYjczMC1lY2FhLTExZTYtOGY4OC0zNDM2M2JjN2M0YzAiOnsiY3JlYXRlIjoxODAwMDAwMDAwMDAwLCJkZWxldGUiOjkwMDAwMDAwMDAwMCwidXBkYXRlIjozNjAwMDAwMDAwMDAwfX0=",
          "dependencies": [
            "aws_cloudwatch_log_group.eks_demo_log_group",
            "aws_iam_role.eks_demo_iam",
            "aws_iam_role_policy_attachment.eks_demo_cluster_policy",
            "aws_iam_role_policy_attachment.eks_demo_service_policy",
            "aws_security_group.eks_cluster_sg_eks_demo",
            "aws_subnet.eks_demo_sn",
            "aws_vpc.vpc_eks_demo",
            "data.aws_availability_zones.available"
          ]
        }
      ]
    },
    {
      "mode": "managed",
      "type": "aws_eks_node_group",
      "name": "eks_demo_node_group",
      "provider": "provider[\"registry.terraform.io/hashicorp/aws\"]",
      "instances": [
        {
          "schema_version": 0,
          "attributes": {
            "ami_type": "AL2_x86_64",
            "arn": "arn:aws:eks:ap-south-1:214387224583:nodegroup/eks-demo/eks_demo_node_group/e6bad45e-8057-8088-a5a1-211f0b84de0b",
            "cluster_name": "eks-demo",
            "disk_size": 20,
            "force_update_version": null,
            "id": "eks-demo:eks_demo_node_group",
            "instance_types": [
              "t3.medium"
            ],
            "labels": null,
            "launch_template": [],
            "node_group_name": "eks_demo_node_group",
            "node_role_arn": "arn:aws:iam::214387224583:role/eks_demo_node_group_iam",
            "release_version": "1.17.11-20201007",
            "remote_access": [],
            "resources": [
              {
                "autoscaling_groups": [
                  {
                    "name": "eks-e6bad45e-8057-8088-a5a1-211f0b84de0b"
                  }
                ],
                "remote_access_security_group_id": ""
              }
            ],
            "scaling_config": [
              {
                "desired_size": 2,
                "max_size": 3,
                "min_size": 2
              }
            ],
            "status": "ACTIVE",
            "subnet_ids": [
              "subnet-05062af7b009eceb0",
              "subnet-0bf775138a5fec485"
            ],
            "tags": null,
            "timeouts": null,
            "version": "1.17"
          },
          "private": "eyJlMmJmYjczMC1lY2FhLTExZTYtOGY4OC0zNDM2M2JjN2M0YzAiOnsiY3JlYXRlIjozNjAwMDAwMDAwMDAwLCJkZWxldGUiOjM2MDAwMDAwMDAwMDAsInVwZGF0ZSI6MzYwMDAwMDAwMDAwMH19",
          "dependencies": [
            "aws_cloudwatch_log_group.eks_demo_log_group",
            "aws_eks_cluster.eks_demo",
            "aws_iam_role.eks_demo_iam",
            "aws_iam_role.eks_demo_node_group_iam",
            "aws_iam_role_policy_attachment.eks_demo_cluster_policy",
            "aws_iam_role_policy_attachment.eks_demo_node_group_cni_policy",
            "aws_iam_role_policy_attachment.eks_demo_node_group_ec2_container_registry_read_only",
            "aws_iam_role_policy_attachment.eks_demo_node_group_worker_node_policy",
            "aws_iam_role_policy_attachment.eks_demo_service_policy",
            "aws_security_group.eks_cluster_sg_eks_demo",
            "aws_subnet.eks_demo_sn",
            "aws_vpc.vpc_eks_demo",
            "data.aws_availability_zones.available"
          ]
        }
      ]
    },
    {
      "mode": "managed",
      "type": "aws_iam_role",
      "name": "eks_demo_iam",
      "provider": "provider[\"registry.terraform.io/hashicorp/aws\"]",
      "instances": [
        {
          "schema_version": 0,
          "attributes": {
            "arn": "arn:aws:iam::214387224583:role/eks-demo-cluster",
            "assume_role_policy": "{\"Version\":\"2012-10-17\",\"Statement\":[{\"Effect\":\"Allow\",\"Principal\":{\"Service\":\"eks.amazonaws.com\"},\"Action\":\"sts:AssumeRole\"}]}",
            "create_date": "2020-11-08T16:30:34Z",
            "description": "",
            "force_detach_policies": false,
            "id": "eks-demo-cluster",
            "max_session_duration": 3600,
            "name": "eks-demo-cluster",
            "name_prefix": null,
            "path": "/",
            "permissions_boundary": null,
            "tags": null,
            "unique_id": "AROATD2TZOADW6VU536MK"
          },
          "private": "bnVsbA=="
        }
      ]
    },
    {
      "mode": "managed",
      "type": "aws_iam_role",
      "name": "eks_demo_node_group_iam",
      "provider": "provider[\"registry.terraform.io/hashicorp/aws\"]",
      "instances": [
        {
          "schema_version": 0,
          "attributes": {
            "arn": "arn:aws:iam::214387224583:role/eks_demo_node_group_iam",
            "assume_role_policy": "{\"Version\":\"2012-10-17\",\"Statement\":[{\"Effect\":\"Allow\",\"Principal\":{\"Service\":\"ec2.amazonaws.com\"},\"Action\":\"sts:AssumeRole\"}]}",
            "create_date": "2020-11-08T16:30:34Z",
            "description": "",
            "force_detach_policies": false,
            "id": "eks_demo_node_group_iam",
            "max_session_duration": 3600,
            "name": "eks_demo_node_group_iam",
            "name_prefix": null,
            "path": "/",
            "permissions_boundary": null,
            "tags": null,
            "unique_id": "AROATD2TZOAD27GN3LLLE"
          },
          "private": "bnVsbA=="
        }
      ]
    },
    {
      "mode": "managed",
      "type": "aws_iam_role_policy_attachment",
      "name": "eks_demo_cluster_policy",
      "provider": "provider[\"registry.terraform.io/hashicorp/aws\"]",
      "instances": [
        {
          "schema_version": 0,
          "attributes": {
            "id": "eks-demo-cluster-20201108163037090000000003",
            "policy_arn": "arn:aws:iam::aws:policy/AmazonEKSClusterPolicy",
            "role": "eks-demo-cluster"
          },
          "private": "bnVsbA==",
          "dependencies": [
            "aws_iam_role.eks_demo_iam"
          ]
        }
      ]
    },
    {
      "mode": "managed",
      "type": "aws_iam_role_policy_attachment",
      "name": "eks_demo_node_group_cni_policy",
      "provider": "provider[\"registry.terraform.io/hashicorp/aws\"]",
      "instances": [
        {
          "schema_version": 0,
          "attributes": {
            "id": "eks_demo_node_group_iam-20201108163036982500000001",
            "policy_arn": "arn:aws:iam::aws:policy/AmazonEKS_CNI_Policy",
            "role": "eks_demo_node_group_iam"
          },
          "private": "bnVsbA==",
          "dependencies": [
            "aws_iam_role.eks_demo_node_group_iam"
          ]
        }
      ]
    },
    {
      "mode": "managed",
      "type": "aws_iam_role_policy_attachment",
      "name": "eks_demo_node_group_ec2_container_registry_read_only",
      "provider": "provider[\"registry.terraform.io/hashicorp/aws\"]",
      "instances": [
        {
          "schema_version": 0,
          "attributes": {
            "id": "eks_demo_node_group_iam-20201108163037102800000004",
            "policy_arn": "arn:aws:iam::aws:policy/AmazonEC2ContainerRegistryReadOnly",
            "role": "eks_demo_node_group_iam"
          },
          "private": "bnVsbA==",
          "dependencies": [
            "aws_iam_role.eks_demo_node_group_iam"
          ]
        }
      ]
    },
    {
      "mode": "managed",
      "type": "aws_iam_role_policy_attachment",
      "name": "eks_demo_node_group_worker_node_policy",
      "provider": "provider[\"registry.terraform.io/hashicorp/aws\"]",
      "instances": [
        {
          "schema_version": 0,
          "attributes": {
            "id": "eks_demo_node_group_iam-20201108163037044500000002",
            "policy_arn": "arn:aws:iam::aws:policy/AmazonEKSWorkerNodePolicy",
            "role": "eks_demo_node_group_iam"
          },
          "private": "bnVsbA==",
          "dependencies": [
            "aws_iam_role.eks_demo_node_group_iam"
          ]
        }
      ]
    },
    {
      "mode": "managed",
      "type": "aws_iam_role_policy_attachment",
      "name": "eks_demo_service_policy",
      "provider": "provider[\"registry.terraform.io/hashicorp/aws\"]",
      "instances": [
        {
          "schema_version": 0,
          "attributes": {
            "id": "eks-demo-cluster-20201108163037135000000005",
            "policy_arn": "arn:aws:iam::aws:policy/AmazonEKSServicePolicy",
            "role": "eks-demo-cluster"
          },
          "private": "bnVsbA==",
          "dependencies": [
            "aws_iam_role.eks_demo_iam"
          ]
        }
      ]
    },
    {
      "mode": "managed",
      "type": "aws_internet_gateway",
      "name": "eks_demo_ig",
      "provider": "provider[\"registry.terraform.io/hashicorp/aws\"]",
      "instances": [
        {
          "schema_version": 0,
          "attributes": {
            "arn": "arn:aws:ec2:ap-south-1:214387224583:internet-gateway/igw-03a9a6e3b2c63a9ea",
            "id": "igw-03a9a6e3b2c63a9ea",
            "owner_id": "214387224583",
            "tags": {
              "Name": "eks_demo_ig"
            },
            "vpc_id": "vpc-03f4fe3b3d810ed54"
          },
          "private": "bnVsbA==",
          "dependencies": [
            "aws_vpc.vpc_eks_demo"
          ]
        }
      ]
    },
    {
      "mode": "managed",
      "type": "aws_route_table",
      "name": "eks_demo_route_table",
      "provider": "provider[\"registry.terraform.io/hashicorp/aws\"]",
      "instances": [
        {
          "schema_version": 0,
          "attributes": {
            "id": "rtb-0281d63b795992abe",
            "owner_id": "214387224583",
            "propagating_vgws": [],
            "route": [
              {
                "cidr_block": "0.0.0.0/0",
                "egress_only_gateway_id": "",
                "gateway_id": "igw-03a9a6e3b2c63a9ea",
                "instance_id": "",
                "ipv6_cidr_block": "",
                "local_gateway_id": "",
                "nat_gateway_id": "",
                "network_interface_id": "",
                "transit_gateway_id": "",
                "vpc_peering_connection_id": ""
              }
            ],
            "tags": null,
            "vpc_id": "vpc-03f4fe3b3d810ed54"
          },
          "private": "bnVsbA==",
          "dependencies": [
            "aws_internet_gateway.eks_demo_ig",
            "aws_vpc.vpc_eks_demo"
          ]
        }
      ]
    },
    {
      "mode": "managed",
      "type": "aws_route_table_association",
      "name": "eks_demo_route_table_asso",
      "provider": "provider[\"registry.terraform.io/hashicorp/aws\"]",
      "instances": [
        {
          "index_key": 0,
          "schema_version": 0,
          "attributes": {
            "gateway_id": null,
            "id": "rtbassoc-0bdad497c33435432",
            "route_table_id": "rtb-0281d63b795992abe",
            "subnet_id": "subnet-05062af7b009eceb0"
          },
          "private": "bnVsbA==",
          "dependencies": [
            "aws_internet_gateway.eks_demo_ig",
            "aws_route_table.eks_demo_route_table",
            "aws_subnet.eks_demo_sn",
            "aws_vpc.vpc_eks_demo",
            "data.aws_availability_zones.available"
          ]
        },
        {
          "index_key": 1,
          "schema_version": 0,
          "attributes": {
            "gateway_id": null,
            "id": "rtbassoc-0350b123f1fd44747",
            "route_table_id": "rtb-0281d63b795992abe",
            "subnet_id": "subnet-0bf775138a5fec485"
          },
          "private": "bnVsbA==",
          "dependencies": [
            "aws_internet_gateway.eks_demo_ig",
            "aws_route_table.eks_demo_route_table",
            "aws_subnet.eks_demo_sn",
            "aws_vpc.vpc_eks_demo",
            "data.aws_availability_zones.available"
          ]
        }
      ]
    },
    {
      "mode": "managed",
      "type": "aws_security_group",
      "name": "eks_cluster_sg_eks_demo",
      "provider": "provider[\"registry.terraform.io/hashicorp/aws\"]",
      "instances": [
        {
          "schema_version": 1,
          "attributes": {
            "arn": "arn:aws:ec2:ap-south-1:214387224583:security-group/sg-00b954ff51c90f4c3",
            "description": "EKS created security group applied to ENI that is attached to EKS Control Plane master nodes, as well as any managed workloads.",
            "egress": [
              {
                "cidr_blocks": [
                  "0.0.0.0/0"
                ],
                "description": "",
                "from_port": 0,
                "ipv6_cidr_blocks": [
                  "::/0"
                ],
                "prefix_list_ids": [],
                "protocol": "-1",
                "security_groups": [],
                "self": false,
                "to_port": 0
              }
            ],
            "id": "sg-00b954ff51c90f4c3",
            "ingress": [
              {
                "cidr_blocks": [
                  "0.0.0.0/0"
                ],
                "description": "",
                "from_port": 0,
                "ipv6_cidr_blocks": [
                  "::/0"
                ],
                "prefix_list_ids": [],
                "protocol": "-1",
                "security_groups": [],
                "self": false,
                "to_port": 0
              }
            ],
            "name": "eks_cluster_sg_eks_demo",
            "name_prefix": "",
            "owner_id": "214387224583",
            "revoke_rules_on_delete": false,
            "tags": {
              "Name": "eks_cluster_sg_eks_demo",
              "kubernetes.io/cluster/eks-demo": "owned"
            },
            "timeouts": null,
            "vpc_id": "vpc-03f4fe3b3d810ed54"
          },
          "private": "eyJlMmJmYjczMC1lY2FhLTExZTYtOGY4OC0zNDM2M2JjN2M0YzAiOnsiY3JlYXRlIjo2MDAwMDAwMDAwMDAsImRlbGV0ZSI6NjAwMDAwMDAwMDAwfSwic2NoZW1hX3ZlcnNpb24iOiIxIn0=",
          "dependencies": [
            "aws_vpc.vpc_eks_demo"
          ]
        }
      ]
    },
    {
      "mode": "managed",
      "type": "aws_subnet",
      "name": "eks_demo_sn",
      "provider": "provider[\"registry.terraform.io/hashicorp/aws\"]",
      "instances": [
        {
          "index_key": 0,
          "schema_version": 1,
          "attributes": {
            "arn": "arn:aws:ec2:ap-south-1:214387224583:subnet/subnet-05062af7b009eceb0",
            "assign_ipv6_address_on_creation": false,
            "availability_zone": "ap-south-1a",
            "availability_zone_id": "aps1-az1",
            "cidr_block": "10.0.0.0/24",
            "id": "subnet-05062af7b009eceb0",
            "ipv6_cidr_block": "",
            "ipv6_cidr_block_association_id": "",
            "map_public_ip_on_launch": true,
            "outpost_arn": "",
            "owner_id": "214387224583",
            "tags": {
              "Name": "eks-demo-sn",
              "kubernetes.io/cluster/eks-demo": "shared"
            },
            "timeouts": null,
            "vpc_id": "vpc-03f4fe3b3d810ed54"
          },
          "private": "eyJlMmJmYjczMC1lY2FhLTExZTYtOGY4OC0zNDM2M2JjN2M0YzAiOnsiY3JlYXRlIjo2MDAwMDAwMDAwMDAsImRlbGV0ZSI6MTIwMDAwMDAwMDAwMH0sInNjaGVtYV92ZXJzaW9uIjoiMSJ9",
          "dependencies": [
            "aws_vpc.vpc_eks_demo",
            "data.aws_availability_zones.available"
          ]
        },
        {
          "index_key": 1,
          "schema_version": 1,
          "attributes": {
            "arn": "arn:aws:ec2:ap-south-1:214387224583:subnet/subnet-0bf775138a5fec485",
            "assign_ipv6_address_on_creation": false,
            "availability_zone": "ap-south-1b",
            "availability_zone_id": "aps1-az3",
            "cidr_block": "10.0.1.0/24",
            "id": "subnet-0bf775138a5fec485",
            "ipv6_cidr_block": "",
            "ipv6_cidr_block_association_id": "",
            "map_public_ip_on_launch": true,
            "outpost_arn": "",
            "owner_id": "214387224583",
            "tags": {
              "Name": "eks-demo-sn",
              "kubernetes.io/cluster/eks-demo": "shared"
            },
            "timeouts": null,
            "vpc_id": "vpc-03f4fe3b3d810ed54"
          },
          "private": "eyJlMmJmYjczMC1lY2FhLTExZTYtOGY4OC0zNDM2M2JjN2M0YzAiOnsiY3JlYXRlIjo2MDAwMDAwMDAwMDAsImRlbGV0ZSI6MTIwMDAwMDAwMDAwMH0sInNjaGVtYV92ZXJzaW9uIjoiMSJ9",
          "dependencies": [
            "aws_vpc.vpc_eks_demo",
            "data.aws_availability_zones.available"
          ]
        }
      ]
    },
    {
      "mode": "managed",
      "type": "aws_vpc",
      "name": "vpc_eks_demo",
      "provider": "provider[\"registry.terraform.io/hashicorp/aws\"]",
      "instances": [
        {
          "schema_version": 1,
          "attributes": {
            "arn": "arn:aws:ec2:ap-south-1:214387224583:vpc/vpc-03f4fe3b3d810ed54",
            "assign_generated_ipv6_cidr_block": false,
            "cidr_block": "10.0.0.0/16",
            "default_network_acl_id": "acl-07b025155f98a1765",
            "default_route_table_id": "rtb-0bd108fc9a08a6e31",
            "default_security_group_id": "sg-0a5afce03cb618c37",
            "dhcp_options_id": "dopt-9355b1f8",
            "enable_classiclink": null,
            "enable_classiclink_dns_support": null,
            "enable_dns_hostnames": false,
            "enable_dns_support": true,
            "id": "vpc-03f4fe3b3d810ed54",
            "instance_tenancy": "default",
            "ipv6_association_id": "",
            "ipv6_cidr_block": "",
            "main_route_table_id": "rtb-0bd108fc9a08a6e31",
            "owner_id": "214387224583",
            "tags": {
              "Name": "eks-demo-node",
              "kubernetes.io/cluster/eks-demo": "shared"
            }
          },
          "private": "eyJzY2hlbWFfdmVyc2lvbiI6IjEifQ=="
        }
      ]
    }
  ]
}
