{
  "version": 4,
  "terraform_version": "0.13.5",
  "serial": 18,
  "lineage": "8a158812-75d1-2cdb-f559-f0689aadac0f",
  "outputs": {
    "config_map_aws_auth": {
      "value": "apiVersion: v1\nkind: ConfigMap\nmetadata:\n  name: aws-auth\n  namespace: kube-system\ndata:\n  mapRoles: |\n    - rolearn: arn:aws:iam::214387224583:role/eks_demo_node_group_iam\n      username: system:node:{{EC2PrivateDNSName}}\n      groups:\n        - system:bootstrappers\n        - system:nodes\n",
      "type": "string"
    },
    "kubeconfig": {
      "value": "apiVersion: v1\nclusters:\n- cluster:\n    server: https://940CB5A1297C9A49526B0C4666B9C784.yl4.ap-south-1.eks.amazonaws.com\n    certificate-authority-data: LS0tLS1CRUdJTiBDRVJUSUZJQ0FURS0tLS0tCk1JSUN5RENDQWJDZ0F3SUJBZ0lCQURBTkJna3Foa2lHOXcwQkFRc0ZBREFWTVJNd0VRWURWUVFERXdwcmRXSmwKY201bGRHVnpNQjRYRFRJd01URXdOakUyTXprMU1Wb1hEVE13TVRFd05ERTJNemsxTVZvd0ZURVRNQkVHQTFVRQpBeE1LYTNWaVpYSnVaWFJsY3pDQ0FTSXdEUVlKS29aSWh2Y05BUUVCQlFBRGdnRVBBRENDQVFvQ2dnRUJBTlc5CjlaVWhEZkRWZEtDU3dBSDMyZlRWZC9SR2pidis4T1RONmZkcW5SSzhsS3hZaFlnRk9nUC9DRWFyRGNBTkhCbUIKN0pBMFlaRkZmNXA2WjRCN2lEWFZaOVNmZ05DQ0E2aWxUMEd5U2VjVXgrWjV5UmtmbjNEY2x4UHMzVGRDQkttSQorTzJkdEFnRFROOGR1a2swMjNMSjFGS3VDVzk3QVY4aSsxekJxSzM1cEZ0NEl6Nmt1ZWxLOUh0T2ptcmtLN21sCk4xWHJpQ1NCYVdhOG51T0p5a0N4TlN2YjVGaDZoRFF2aHdqanFHaEtMT1h1czN3a1dmeG5Lcy80SkFTM3AwU24KWEJKV2xZbjRjVlBOZzBaaTNpZ1JtWUVHVkFnT21pK3FNTUU5MTZKLzZKTnFEMGJoUUdUWXRudnNXejR6bzkvaQp5NlBPbjJILzNPaC9vTnM4Y0ljQ0F3RUFBYU1qTUNFd0RnWURWUjBQQVFIL0JBUURBZ0trTUE4R0ExVWRFd0VCCi93UUZNQU1CQWY4d0RRWUpLb1pJaHZjTkFRRUxCUUFEZ2dFQkFGU0FmU2Ivb1VSNjJ1TWIxd2JyZ3F5NzZ4cDAKQlYwRDl0QTB3UGJleGdkcWVsWUZkQ2RjMUdGZ292SllBOHNjZ05xaXZNN0F2Y21JQUo5Nmx6eTZHLzNTTWVGagppNXdlL0VoZjRsUDllV3BDdlhRWTdPekVpaVc0anJ0d2pOZzlFT203TG8rTTFzK0R0Rm5oSlhhR0Z5SGNScytUClpVejkrbEw0UHd6TlA1Y1Rmbi9BeS9xMFFHM3M2K2RZYW1XOS92U0swek9JU09DaUVJSXozTVVkNk9LNGhBbUQKM1dad1hnc0M2cFFxSjlGQWdnUkVMaGVzcC94MUprZENrdXhONkZFenRsVTdGcmo1L0lKUUxrc0RxSHhEOVBIegpNbXdvNHYvOUUxalBOa2ZDV1E5VUtadlk5OGdsaTV6VEJiQnhXU3FQaWNXMjJVWUh4QTR1Q3E4WmNLaz0KLS0tLS1FTkQgQ0VSVElGSUNBVEUtLS0tLQo=\n  name: kubernetes\ncontexts:\n- context:\n    cluster: kubernetes\n    user: aws\n  name: aws\ncurrent-context: aws\nkind: Config\npreferences: {}\nusers:\n- name: aws\n  user:\n    exec:\n      apiVersion: client.authentication.k8s.io/v1alpha1\n      command: aws-iam-authenticator\n      args:\n        - \"token\"\n        - \"-i\"\n        - \"eks-demo\"\n",
      "type": "string"
    }
  },
  "resources": [
    {
      "mode": "data",
      "type": "aws_availability_zones",
      "name": "available",
      "provider": "provider[\"registry.terraform.io/hashicorp/aws\"]",
      "instances": [
        {
          "schema_version": 0,
          "attributes": {
            "all_availability_zones": null,
            "exclude_names": null,
            "exclude_zone_ids": null,
            "filter": null,
            "group_names": [
              "ap-south-1"
            ],
            "id": "ap-south-1",
            "names": [
              "ap-south-1a",
              "ap-south-1b",
              "ap-south-1c"
            ],
            "state": null,
            "zone_ids": [
              "aps1-az1",
              "aps1-az3",
              "aps1-az2"
            ]
          }
        }
      ]
    },
    {
      "mode": "data",
      "type": "aws_region",
      "name": "current",
      "provider": "provider[\"registry.terraform.io/hashicorp/aws\"]",
      "instances": [
        {
          "schema_version": 0,
          "attributes": {
            "description": "Asia Pacific (Mumbai)",
            "endpoint": "ec2.ap-south-1.amazonaws.com",
            "id": "ap-south-1",
            "name": "ap-south-1"
          }
        }
      ]
    },
    {
      "mode": "managed",
      "type": "aws_cloudwatch_log_group",
      "name": "eks_demo_log_group",
      "provider": "provider[\"registry.terraform.io/hashicorp/aws\"]",
      "instances": [
        {
          "schema_version": 0,
          "attributes": {
            "arn": "arn:aws:logs:ap-south-1:214387224583:log-group:/aws/eks/eks-demo/cluster",
            "id": "/aws/eks/eks-demo/cluster",
            "kms_key_id": "",
            "name": "/aws/eks/eks-demo/cluster",
            "name_prefix": null,
            "retention_in_days": 7,
            "tags": null
          },
          "private": "bnVsbA=="
        }
      ]
    },
    {
      "mode": "managed",
      "type": "aws_eks_cluster",
      "name": "eks_demo",
      "provider": "provider[\"registry.terraform.io/hashicorp/aws\"]",
      "instances": [
        {
          "schema_version": 0,
          "attributes": {
            "arn": "arn:aws:eks:ap-south-1:214387224583:cluster/eks-demo",
            "certificate_authority": [
              {
                "data": "LS0tLS1CRUdJTiBDRVJUSUZJQ0FURS0tLS0tCk1JSUN5RENDQWJDZ0F3SUJBZ0lCQURBTkJna3Foa2lHOXcwQkFRc0ZBREFWTVJNd0VRWURWUVFERXdwcmRXSmwKY201bGRHVnpNQjRYRFRJd01URXdOakUyTXprMU1Wb1hEVE13TVRFd05ERTJNemsxTVZvd0ZURVRNQkVHQTFVRQpBeE1LYTNWaVpYSnVaWFJsY3pDQ0FTSXdEUVlKS29aSWh2Y05BUUVCQlFBRGdnRVBBRENDQVFvQ2dnRUJBTlc5CjlaVWhEZkRWZEtDU3dBSDMyZlRWZC9SR2pidis4T1RONmZkcW5SSzhsS3hZaFlnRk9nUC9DRWFyRGNBTkhCbUIKN0pBMFlaRkZmNXA2WjRCN2lEWFZaOVNmZ05DQ0E2aWxUMEd5U2VjVXgrWjV5UmtmbjNEY2x4UHMzVGRDQkttSQorTzJkdEFnRFROOGR1a2swMjNMSjFGS3VDVzk3QVY4aSsxekJxSzM1cEZ0NEl6Nmt1ZWxLOUh0T2ptcmtLN21sCk4xWHJpQ1NCYVdhOG51T0p5a0N4TlN2YjVGaDZoRFF2aHdqanFHaEtMT1h1czN3a1dmeG5Lcy80SkFTM3AwU24KWEJKV2xZbjRjVlBOZzBaaTNpZ1JtWUVHVkFnT21pK3FNTUU5MTZKLzZKTnFEMGJoUUdUWXRudnNXejR6bzkvaQp5NlBPbjJILzNPaC9vTnM4Y0ljQ0F3RUFBYU1qTUNFd0RnWURWUjBQQVFIL0JBUURBZ0trTUE4R0ExVWRFd0VCCi93UUZNQU1CQWY4d0RRWUpLb1pJaHZjTkFRRUxCUUFEZ2dFQkFGU0FmU2Ivb1VSNjJ1TWIxd2JyZ3F5NzZ4cDAKQlYwRDl0QTB3UGJleGdkcWVsWUZkQ2RjMUdGZ292SllBOHNjZ05xaXZNN0F2Y21JQUo5Nmx6eTZHLzNTTWVGagppNXdlL0VoZjRsUDllV3BDdlhRWTdPekVpaVc0anJ0d2pOZzlFT203TG8rTTFzK0R0Rm5oSlhhR0Z5SGNScytUClpVejkrbEw0UHd6TlA1Y1Rmbi9BeS9xMFFHM3M2K2RZYW1XOS92U0swek9JU09DaUVJSXozTVVkNk9LNGhBbUQKM1dad1hnc0M2cFFxSjlGQWdnUkVMaGVzcC94MUprZENrdXhONkZFenRsVTdGcmo1L0lKUUxrc0RxSHhEOVBIegpNbXdvNHYvOUUxalBOa2ZDV1E5VUtadlk5OGdsaTV6VEJiQnhXU3FQaWNXMjJVWUh4QTR1Q3E4WmNLaz0KLS0tLS1FTkQgQ0VSVElGSUNBVEUtLS0tLQo="
              }
            ],
            "created_at": "2020-11-06 16:33:03.112 +0000 UTC",
            "enabled_cluster_log_types": [
              "api",
              "audit"
            ],
            "encryption_config": [],
            "endpoint": "https://940CB5A1297C9A49526B0C4666B9C784.yl4.ap-south-1.eks.amazonaws.com",
            "id": "eks-demo",
            "identity": [
              {
                "oidc": [
                  {
                    "issuer": "https://oidc.eks.ap-south-1.amazonaws.com/id/940CB5A1297C9A49526B0C4666B9C784"
                  }
                ]
              }
            ],
            "name": "eks-demo",
            "platform_version": "eks.4",
            "role_arn": "arn:aws:iam::214387224583:role/eks-demo-cluster",
            "status": "ACTIVE",
            "tags": null,
            "timeouts": null,
            "version": "1.17",
            "vpc_config": [
              {
                "cluster_security_group_id": "sg-095c6a5fc8a0d74a7",
                "endpoint_private_access": false,
                "endpoint_public_access": true,
                "public_access_cidrs": [
                  "0.0.0.0/0"
                ],
                "security_group_ids": [
                  "sg-09ddd3730ce18b0a9"
                ],
                "subnet_ids": [
                  "subnet-00ee8c957a90de8f7",
                  "subnet-07b60baadbd03177f"
                ],
                "vpc_id": "vpc-06cf6dfc636f2ded9"
              }
            ]
          },
          "private": "eyJlMmJmYjczMC1lY2FhLTExZTYtOGY4OC0zNDM2M2JjN2M0YzAiOnsiY3JlYXRlIjoxODAwMDAwMDAwMDAwLCJkZWxldGUiOjkwMDAwMDAwMDAwMCwidXBkYXRlIjozNjAwMDAwMDAwMDAwfX0=",
          "dependencies": [
            "aws_cloudwatch_log_group.eks_demo_log_group",
            "aws_iam_role.eks_demo_iam",
            "aws_iam_role_policy_attachment.eks_demo_cluster_policy",
            "aws_iam_role_policy_attachment.eks_demo_service_policy",
            "aws_security_group.eks_cluster_sg_eks_demo",
            "aws_subnet.eks_demo_sn",
            "aws_vpc.vpc_eks_demo",
            "data.aws_availability_zones.available"
          ]
        }
      ]
    },
    {
      "mode": "managed",
      "type": "aws_eks_node_group",
      "name": "eks_demo_node_group",
      "provider": "provider[\"registry.terraform.io/hashicorp/aws\"]",
      "instances": [
        {
          "status": "tainted",
          "schema_version": 0,
          "attributes": {
            "ami_type": null,
            "arn": null,
            "cluster_name": "eks-demo",
            "disk_size": null,
            "force_update_version": null,
            "id": "eks-demo:eks_demo_node_group",
            "instance_types": null,
            "labels": null,
            "launch_template": [],
            "node_group_name": "eks_demo_node_group",
            "node_role_arn": "arn:aws:iam::214387224583:role/eks_demo_node_group_iam",
            "release_version": null,
            "remote_access": [],
            "resources": null,
            "scaling_config": [
              {
                "desired_size": 2,
                "max_size": 3,
                "min_size": 2
              }
            ],
            "status": null,
            "subnet_ids": [
              "subnet-00ee8c957a90de8f7",
              "subnet-07b60baadbd03177f"
            ],
            "tags": null,
            "timeouts": null,
            "version": null
          },
          "private": "eyJlMmJmYjczMC1lY2FhLTExZTYtOGY4OC0zNDM2M2JjN2M0YzAiOnsiY3JlYXRlIjozNjAwMDAwMDAwMDAwLCJkZWxldGUiOjM2MDAwMDAwMDAwMDAsInVwZGF0ZSI6MzYwMDAwMDAwMDAwMH19",
          "dependencies": [
            "aws_cloudwatch_log_group.eks_demo_log_group",
            "aws_eks_cluster.eks_demo",
            "aws_iam_role.eks_demo_iam",
            "aws_iam_role.eks_demo_node_group_iam",
            "aws_iam_role_policy_attachment.eks_demo_cluster_policy",
            "aws_iam_role_policy_attachment.eks_demo_node_group_cni_policy",
            "aws_iam_role_policy_attachment.eks_demo_node_group_ec2_container_registry_read_only",
            "aws_iam_role_policy_attachment.eks_demo_node_group_worker_node_policy",
            "aws_iam_role_policy_attachment.eks_demo_service_policy",
            "aws_security_group.eks_cluster_sg_eks_demo",
            "aws_subnet.eks_demo_sn",
            "aws_vpc.vpc_eks_demo",
            "data.aws_availability_zones.available"
          ]
        }
      ]
    },
    {
      "mode": "managed",
      "type": "aws_iam_role",
      "name": "eks_demo_iam",
      "provider": "provider[\"registry.terraform.io/hashicorp/aws\"]",
      "instances": [
        {
          "schema_version": 0,
          "attributes": {
            "arn": "arn:aws:iam::214387224583:role/eks-demo-cluster",
            "assume_role_policy": "{\"Version\":\"2012-10-17\",\"Statement\":[{\"Effect\":\"Allow\",\"Principal\":{\"Service\":\"eks.amazonaws.com\"},\"Action\":\"sts:AssumeRole\"}]}",
            "create_date": "2020-11-06T16:32:58Z",
            "description": "",
            "force_detach_policies": false,
            "id": "eks-demo-cluster",
            "max_session_duration": 3600,
            "name": "eks-demo-cluster",
            "name_prefix": null,
            "path": "/",
            "permissions_boundary": null,
            "tags": null,
            "unique_id": "AROATD2TZOADUFULSSDD4"
          },
          "private": "bnVsbA=="
        }
      ]
    },
    {
      "mode": "managed",
      "type": "aws_iam_role",
      "name": "eks_demo_node_group_iam",
      "provider": "provider[\"registry.terraform.io/hashicorp/aws\"]",
      "instances": [
        {
          "schema_version": 0,
          "attributes": {
            "arn": "arn:aws:iam::214387224583:role/eks_demo_node_group_iam",
            "assume_role_policy": "{\"Version\":\"2012-10-17\",\"Statement\":[{\"Effect\":\"Allow\",\"Principal\":{\"Service\":\"ec2.amazonaws.com\"},\"Action\":\"sts:AssumeRole\"}]}",
            "create_date": "2020-11-06T16:32:58Z",
            "description": "",
            "force_detach_policies": false,
            "id": "eks_demo_node_group_iam",
            "max_session_duration": 3600,
            "name": "eks_demo_node_group_iam",
            "name_prefix": null,
            "path": "/",
            "permissions_boundary": null,
            "tags": null,
            "unique_id": "AROATD2TZOAD2F6PY676Q"
          },
          "private": "bnVsbA=="
        }
      ]
    },
    {
      "mode": "managed",
      "type": "aws_iam_role_policy_attachment",
      "name": "eks_demo_cluster_policy",
      "provider": "provider[\"registry.terraform.io/hashicorp/aws\"]",
      "instances": [
        {
          "schema_version": 0,
          "attributes": {
            "id": "eks-demo-cluster-20201106163300477800000001",
            "policy_arn": "arn:aws:iam::aws:policy/AmazonEKSClusterPolicy",
            "role": "eks-demo-cluster"
          },
          "private": "bnVsbA==",
          "dependencies": [
            "aws_iam_role.eks_demo_iam"
          ]
        }
      ]
    },
    {
      "mode": "managed",
      "type": "aws_iam_role_policy_attachment",
      "name": "eks_demo_node_group_cni_policy",
      "provider": "provider[\"registry.terraform.io/hashicorp/aws\"]",
      "instances": [
        {
          "schema_version": 0,
          "attributes": {
            "id": "eks_demo_node_group_iam-20201106163300685300000004",
            "policy_arn": "arn:aws:iam::aws:policy/AmazonEKS_CNI_Policy",
            "role": "eks_demo_node_group_iam"
          },
          "private": "bnVsbA==",
          "dependencies": [
            "aws_iam_role.eks_demo_node_group_iam"
          ]
        }
      ]
    },
    {
      "mode": "managed",
      "type": "aws_iam_role_policy_attachment",
      "name": "eks_demo_node_group_ec2_container_registry_read_only",
      "provider": "provider[\"registry.terraform.io/hashicorp/aws\"]",
      "instances": [
        {
          "schema_version": 0,
          "attributes": {
            "id": "eks_demo_node_group_iam-20201106163300711500000005",
            "policy_arn": "arn:aws:iam::aws:policy/AmazonEC2ContainerRegistryReadOnly",
            "role": "eks_demo_node_group_iam"
          },
          "private": "bnVsbA==",
          "dependencies": [
            "aws_iam_role.eks_demo_node_group_iam"
          ]
        }
      ]
    },
    {
      "mode": "managed",
      "type": "aws_iam_role_policy_attachment",
      "name": "eks_demo_node_group_worker_node_policy",
      "provider": "provider[\"registry.terraform.io/hashicorp/aws\"]",
      "instances": [
        {
          "schema_version": 0,
          "attributes": {
            "id": "eks_demo_node_group_iam-20201106163300653200000003",
            "policy_arn": "arn:aws:iam::aws:policy/AmazonEKSWorkerNodePolicy",
            "role": "eks_demo_node_group_iam"
          },
          "private": "bnVsbA==",
          "dependencies": [
            "aws_iam_role.eks_demo_node_group_iam"
          ]
        }
      ]
    },
    {
      "mode": "managed",
      "type": "aws_iam_role_policy_attachment",
      "name": "eks_demo_service_policy",
      "provider": "provider[\"registry.terraform.io/hashicorp/aws\"]",
      "instances": [
        {
          "schema_version": 0,
          "attributes": {
            "id": "eks-demo-cluster-20201106163300600000000002",
            "policy_arn": "arn:aws:iam::aws:policy/AmazonEKSServicePolicy",
            "role": "eks-demo-cluster"
          },
          "private": "bnVsbA==",
          "dependencies": [
            "aws_iam_role.eks_demo_iam"
          ]
        }
      ]
    },
    {
      "mode": "managed",
      "type": "aws_internet_gateway",
      "name": "eks_demo_ig",
      "provider": "provider[\"registry.terraform.io/hashicorp/aws\"]",
      "instances": [
        {
          "schema_version": 0,
          "attributes": {
            "arn": "arn:aws:ec2:ap-south-1:214387224583:internet-gateway/igw-051eb2f6e850483d3",
            "id": "igw-051eb2f6e850483d3",
            "owner_id": "214387224583",
            "tags": {
              "Name": "eks_demo_ig"
            },
            "vpc_id": "vpc-06cf6dfc636f2ded9"
          },
          "private": "bnVsbA==",
          "dependencies": [
            "aws_vpc.vpc_eks_demo"
          ]
        }
      ]
    },
    {
      "mode": "managed",
      "type": "aws_route_table",
      "name": "eks_demo_route_table",
      "provider": "provider[\"registry.terraform.io/hashicorp/aws\"]",
      "instances": [
        {
          "schema_version": 0,
          "attributes": {
            "id": "rtb-01b54379d22587584",
            "owner_id": "214387224583",
            "propagating_vgws": [],
            "route": [
              {
                "cidr_block": "0.0.0.0/0",
                "egress_only_gateway_id": "",
                "gateway_id": "igw-051eb2f6e850483d3",
                "instance_id": "",
                "ipv6_cidr_block": "",
                "local_gateway_id": "",
                "nat_gateway_id": "",
                "network_interface_id": "",
                "transit_gateway_id": "",
                "vpc_peering_connection_id": ""
              }
            ],
            "tags": null,
            "vpc_id": "vpc-06cf6dfc636f2ded9"
          },
          "private": "bnVsbA==",
          "dependencies": [
            "aws_internet_gateway.eks_demo_ig",
            "aws_vpc.vpc_eks_demo"
          ]
        }
      ]
    },
    {
      "mode": "managed",
      "type": "aws_route_table_association",
      "name": "eks_demo_route_table_asso",
      "provider": "provider[\"registry.terraform.io/hashicorp/aws\"]",
      "instances": [
        {
          "index_key": 0,
          "schema_version": 0,
          "attributes": {
            "gateway_id": null,
            "id": "rtbassoc-083fc285c78c35d49",
            "route_table_id": "rtb-01b54379d22587584",
            "subnet_id": "subnet-07b60baadbd03177f"
          },
          "private": "bnVsbA==",
          "dependencies": [
            "aws_internet_gateway.eks_demo_ig",
            "aws_route_table.eks_demo_route_table",
            "aws_subnet.eks_demo_sn",
            "aws_vpc.vpc_eks_demo",
            "data.aws_availability_zones.available"
          ]
        },
        {
          "index_key": 1,
          "schema_version": 0,
          "attributes": {
            "gateway_id": null,
            "id": "rtbassoc-047aca5217589a377",
            "route_table_id": "rtb-01b54379d22587584",
            "subnet_id": "subnet-00ee8c957a90de8f7"
          },
          "private": "bnVsbA==",
          "dependencies": [
            "aws_internet_gateway.eks_demo_ig",
            "aws_route_table.eks_demo_route_table",
            "aws_subnet.eks_demo_sn",
            "aws_vpc.vpc_eks_demo",
            "data.aws_availability_zones.available"
          ]
        }
      ]
    },
    {
      "mode": "managed",
      "type": "aws_security_group",
      "name": "eks_cluster_sg_eks_demo",
      "provider": "provider[\"registry.terraform.io/hashicorp/aws\"]",
      "instances": [
        {
          "schema_version": 1,
          "attributes": {
            "arn": "arn:aws:ec2:ap-south-1:214387224583:security-group/sg-09ddd3730ce18b0a9",
            "description": "EKS created security group applied to ENI that is attached to EKS Control Plane master nodes, as well as any managed workloads.",
            "egress": [
              {
                "cidr_blocks": [
                  "0.0.0.0/0"
                ],
                "description": "",
                "from_port": 0,
                "ipv6_cidr_blocks": [
                  "::/0"
                ],
                "prefix_list_ids": [],
                "protocol": "-1",
                "security_groups": [],
                "self": false,
                "to_port": 0
              }
            ],
            "id": "sg-09ddd3730ce18b0a9",
            "ingress": [
              {
                "cidr_blocks": [
                  "0.0.0.0/0"
                ],
                "description": "",
                "from_port": 0,
                "ipv6_cidr_blocks": [
                  "::/0"
                ],
                "prefix_list_ids": [],
                "protocol": "-1",
                "security_groups": [],
                "self": false,
                "to_port": 0
              }
            ],
            "name": "eks_cluster_sg_eks_demo",
            "name_prefix": "",
            "owner_id": "214387224583",
            "revoke_rules_on_delete": false,
            "tags": {
              "Name": "eks_cluster_sg_eks_demo",
              "kubernetes.io/cluster/eks-demo": "owned"
            },
            "timeouts": null,
            "vpc_id": "vpc-06cf6dfc636f2ded9"
          },
          "private": "eyJlMmJmYjczMC1lY2FhLTExZTYtOGY4OC0zNDM2M2JjN2M0YzAiOnsiY3JlYXRlIjo2MDAwMDAwMDAwMDAsImRlbGV0ZSI6NjAwMDAwMDAwMDAwfSwic2NoZW1hX3ZlcnNpb24iOiIxIn0=",
          "dependencies": [
            "aws_vpc.vpc_eks_demo"
          ]
        }
      ]
    },
    {
      "mode": "managed",
      "type": "aws_subnet",
      "name": "eks_demo_sn",
      "provider": "provider[\"registry.terraform.io/hashicorp/aws\"]",
      "instances": [
        {
          "index_key": 0,
          "schema_version": 1,
          "attributes": {
            "arn": "arn:aws:ec2:ap-south-1:214387224583:subnet/subnet-07b60baadbd03177f",
            "assign_ipv6_address_on_creation": false,
            "availability_zone": "ap-south-1a",
            "availability_zone_id": "aps1-az1",
            "cidr_block": "10.0.0.0/24",
            "id": "subnet-07b60baadbd03177f",
            "ipv6_cidr_block": "",
            "ipv6_cidr_block_association_id": "",
            "map_public_ip_on_launch": false,
            "outpost_arn": "",
            "owner_id": "214387224583",
            "tags": {
              "Name": "eks-demo-sn",
              "kubernetes.io/cluster/eks-demo": "shared"
            },
            "timeouts": null,
            "vpc_id": "vpc-06cf6dfc636f2ded9"
          },
          "private": "eyJlMmJmYjczMC1lY2FhLTExZTYtOGY4OC0zNDM2M2JjN2M0YzAiOnsiY3JlYXRlIjo2MDAwMDAwMDAwMDAsImRlbGV0ZSI6MTIwMDAwMDAwMDAwMH0sInNjaGVtYV92ZXJzaW9uIjoiMSJ9",
          "dependencies": [
            "aws_vpc.vpc_eks_demo",
            "data.aws_availability_zones.available"
          ]
        },
        {
          "index_key": 1,
          "schema_version": 1,
          "attributes": {
            "arn": "arn:aws:ec2:ap-south-1:214387224583:subnet/subnet-00ee8c957a90de8f7",
            "assign_ipv6_address_on_creation": false,
            "availability_zone": "ap-south-1b",
            "availability_zone_id": "aps1-az3",
            "cidr_block": "10.0.1.0/24",
            "id": "subnet-00ee8c957a90de8f7",
            "ipv6_cidr_block": "",
            "ipv6_cidr_block_association_id": "",
            "map_public_ip_on_launch": false,
            "outpost_arn": "",
            "owner_id": "214387224583",
            "tags": {
              "Name": "eks-demo-sn",
              "kubernetes.io/cluster/eks-demo": "shared"
            },
            "timeouts": null,
            "vpc_id": "vpc-06cf6dfc636f2ded9"
          },
          "private": "eyJlMmJmYjczMC1lY2FhLTExZTYtOGY4OC0zNDM2M2JjN2M0YzAiOnsiY3JlYXRlIjo2MDAwMDAwMDAwMDAsImRlbGV0ZSI6MTIwMDAwMDAwMDAwMH0sInNjaGVtYV92ZXJzaW9uIjoiMSJ9",
          "dependencies": [
            "aws_vpc.vpc_eks_demo",
            "data.aws_availability_zones.available"
          ]
        }
      ]
    },
    {
      "mode": "managed",
      "type": "aws_vpc",
      "name": "vpc_eks_demo",
      "provider": "provider[\"registry.terraform.io/hashicorp/aws\"]",
      "instances": [
        {
          "schema_version": 1,
          "attributes": {
            "arn": "arn:aws:ec2:ap-south-1:214387224583:vpc/vpc-06cf6dfc636f2ded9",
            "assign_generated_ipv6_cidr_block": false,
            "cidr_block": "10.0.0.0/16",
            "default_network_acl_id": "acl-04d857675366526f8",
            "default_route_table_id": "rtb-0938b3d12c16843e8",
            "default_security_group_id": "sg-068e928dae0602387",
            "dhcp_options_id": "dopt-9355b1f8",
            "enable_classiclink": null,
            "enable_classiclink_dns_support": null,
            "enable_dns_hostnames": false,
            "enable_dns_support": true,
            "id": "vpc-06cf6dfc636f2ded9",
            "instance_tenancy": "default",
            "ipv6_association_id": "",
            "ipv6_cidr_block": "",
            "main_route_table_id": "rtb-0938b3d12c16843e8",
            "owner_id": "214387224583",
            "tags": {
              "Name": "eks-demo-node",
              "kubernetes.io/cluster/eks-demo": "shared"
            }
          },
          "private": "eyJzY2hlbWFfdmVyc2lvbiI6IjEifQ=="
        }
      ]
    }
  ]
}
