{
  "version": 4,
  "terraform_version": "0.13.5",
  "serial": 195,
  "lineage": "8a158812-75d1-2cdb-f559-f0689aadac0f",
  "outputs": {},
  "resources": [
    {
      "mode": "managed",
      "type": "aws_vpc",
      "name": "vpc_eks_demo",
      "provider": "provider[\"registry.terraform.io/hashicorp/aws\"]",
      "instances": [
        {
          "schema_version": 1,
          "attributes": {
            "arn": "arn:aws:ec2:ap-south-1:214387224583:vpc/vpc-03f4fe3b3d810ed54",
            "assign_generated_ipv6_cidr_block": false,
            "cidr_block": "10.0.0.0/16",
            "default_network_acl_id": "acl-07b025155f98a1765",
            "default_route_table_id": "rtb-0bd108fc9a08a6e31",
            "default_security_group_id": "sg-0a5afce03cb618c37",
            "dhcp_options_id": "dopt-9355b1f8",
            "enable_classiclink": null,
            "enable_classiclink_dns_support": null,
            "enable_dns_hostnames": false,
            "enable_dns_support": true,
            "id": "vpc-03f4fe3b3d810ed54",
            "instance_tenancy": "default",
            "ipv6_association_id": "",
            "ipv6_cidr_block": "",
            "main_route_table_id": "rtb-0bd108fc9a08a6e31",
            "owner_id": "214387224583",
            "tags": {
              "Name": "eks-demo-node",
              "kubernetes.io/cluster/eks-demo": "shared"
            }
          }
        }
      ]
    }
  ]
}
